
Microsoft Visual Studio Solution File, Format Version 12.00
# Visual Studio Version 16
VisualStudioVersion = 16.0.29424.173
MinimumVisualStudioVersion = 10.0.40219.1
Project("{FAE04EC0-301F-11D3-BF4B-00C04F79EFBC}") = "ServerlessDreidel", "ServerlessDreidel\ServerlessDreidel.csproj", "{2393C040-303A-43C6-B7D1-9CFDFCDDDC11}"
EndProject
Global
	GlobalSection(SolutionConfigurationPlatforms) = preSolution
		Debug|Any CPU = Debug|Any CPU
		Release|Any CPU = Release|Any CPU
	EndGlobalSection
	GlobalSection(ProjectConfigurationPlatforms) = postSolution
		{2393C040-303A-43C6-B7D1-9CFDFCDDDC11}.Debug|Any CPU.ActiveCfg = Debug|Any CPU
		{2393C040-303A-43C6-B7D1-9CFDFCDDDC11}.Debug|Any CPU.Build.0 = Debug|Any CPU
		{2393C040-303A-43C6-B7D1-9CFDFCDDDC11}.Release|Any CPU.ActiveCfg = Release|Any CPU
		{2393C040-303A-43C6-B7D1-9CFDFCDDDC11}.Release|Any CPU.Build.0 = Release|Any CPU
	EndGlobalSection
	GlobalSection(SolutionProperties) = preSolution
		HideSolutionNode = FALSE
	EndGlobalSection
	GlobalSection(ExtensibilityGlobals) = postSolution
		SolutionGuid = {7B0BF4F2-A8E2-40CF-9910-B8E8BCB09027}
	EndGlobalSection
EndGlobal
